
Microsoft Visual Studio Solution File, Format Version 12.00
# Visual Studio 15
VisualStudioVersion = 15.0.27428.2037
MinimumVisualStudioVersion = 10.0.40219.1
Project("{8BC9CEB8-8B4A-11D0-8D11-00A0C91BC942}") = "MetalGearSolidVDll", "MetalGearSolidVDll.vcxproj", "{54F7FE09-D652-4844-A38E-9EE36E236A16}"
EndProject
Global
	GlobalSection(SolutionConfigurationPlatforms) = preSolution
		Debug|x64 = Debug|x64
		Debug|x86 = Debug|x86
		Release|x64 = Release|x64
		Release|x86 = Release|x86
	EndGlobalSection
	GlobalSection(ProjectConfigurationPlatforms) = postSolution
		{54F7FE09-D652-4844-A38E-9EE36E236A16}.Debug|x64.ActiveCfg = Debug|x64
		{54F7FE09-D652-4844-A38E-9EE36E236A16}.Debug|x64.Build.0 = Debug|x64
		{54F7FE09-D652-4844-A38E-9EE36E236A16}.Debug|x86.ActiveCfg = Debug|Win32
		{54F7FE09-D652-4844-A38E-9EE36E236A16}.Debug|x86.Build.0 = Debug|Win32
		{54F7FE09-D652-4844-A38E-9EE36E236A16}.Release|x64.ActiveCfg = Release|x64
		{54F7FE09-D652-4844-A38E-9EE36E236A16}.Release|x64.Build.0 = Release|x64
		{54F7FE09-D652-4844-A38E-9EE36E236A16}.Release|x86.ActiveCfg = Release|Win32
		{54F7FE09-D652-4844-A38E-9EE36E236A16}.Release|x86.Build.0 = Release|Win32
	EndGlobalSection
	GlobalSection(SolutionProperties) = preSolution
		HideSolutionNode = FALSE
	EndGlobalSection
	GlobalSection(ExtensibilityGlobals) = postSolution
		SolutionGuid = {2E857C6C-BC2F-4A7F-981A-CCEEBF3B8834}
	EndGlobalSection
EndGlobal
